
Microsoft Visual Studio Solution File, Format Version 12.00
# Visual Studio 15
VisualStudioVersion = 15.0.26730.16
MinimumVisualStudioVersion = 10.0.40219.1
Project("{9A19103F-16F7-4668-BE54-9A1E7A4F7556}") = "MultitargetLib", "src\libs\MultitargetLib\MultitargetLib.csproj", "{F605BFEF-B305-4510-874D-ED7BDBA700EB}"
EndProject
Project("{2150E333-8FDC-42A3-9474-1A3956D46DE8}") = "libs", "libs", "{7CA9E3F6-FABE-46EE-A029-F159409718A5}"
EndProject
Project("{2150E333-8FDC-42A3-9474-1A3956D46DE8}") = "apps", "apps", "{0A711A02-0867-4338-8784-521B695602F6}"
EndProject
Project("{9A19103F-16F7-4668-BE54-9A1E7A4F7556}") = "NetCoreApp", "src\apps\ConsoleApp1\NetCoreApp.csproj", "{F05C0941-A0AA-435D-9923-0C12E06F7C4F}"
EndProject
Project("{FAE04EC0-301F-11D3-BF4B-00C04F79EFBC}") = "Net45App", "src\apps\Net45App\Net45App.csproj", "{E63AAA88-B0C9-4A66-BF4C-85144113917E}"
EndProject
Project("{FAE04EC0-301F-11D3-BF4B-00C04F79EFBC}") = "Net461App", "src\apps\Net461App\Net461App.csproj", "{EBAD9A78-3B24-46FB-92E3-D1BBCEFE00BD}"
EndProject
Project("{FAE04EC0-301F-11D3-BF4B-00C04F79EFBC}") = "Net462App", "src\apps\Net462App\Net462App.csproj", "{1009EC71-56AD-404E-9716-836DA334895F}"
EndProject
Project("{2150E333-8FDC-42A3-9474-1A3956D46DE8}") = "fw_apps", "fw_apps", "{750DD2FE-E801-40B6-9672-483804ED141E}"
EndProject
Project("{2150E333-8FDC-42A3-9474-1A3956D46DE8}") = "sdk_apps", "sdk_apps", "{9DADCEA6-E49B-47B6-AFC2-B041275613ED}"
EndProject
Project("{FAE04EC0-301F-11D3-BF4B-00C04F79EFBC}") = "SDK_Net45App", "src\apps\SDK_Net45App\SDK_Net45App.csproj", "{6B8F5777-2F21-4BE4-A2C7-E3C464A06AEA}"
EndProject
Global
	GlobalSection(SolutionConfigurationPlatforms) = preSolution
		Debug|Any CPU = Debug|Any CPU
		Release|Any CPU = Release|Any CPU
	EndGlobalSection
	GlobalSection(ProjectConfigurationPlatforms) = postSolution
		{F605BFEF-B305-4510-874D-ED7BDBA700EB}.Debug|Any CPU.ActiveCfg = Debug|Any CPU
		{F605BFEF-B305-4510-874D-ED7BDBA700EB}.Debug|Any CPU.Build.0 = Debug|Any CPU
		{F605BFEF-B305-4510-874D-ED7BDBA700EB}.Release|Any CPU.ActiveCfg = Release|Any CPU
		{F605BFEF-B305-4510-874D-ED7BDBA700EB}.Release|Any CPU.Build.0 = Release|Any CPU
		{F05C0941-A0AA-435D-9923-0C12E06F7C4F}.Debug|Any CPU.ActiveCfg = Debug|Any CPU
		{F05C0941-A0AA-435D-9923-0C12E06F7C4F}.Debug|Any CPU.Build.0 = Debug|Any CPU
		{F05C0941-A0AA-435D-9923-0C12E06F7C4F}.Release|Any CPU.ActiveCfg = Release|Any CPU
		{F05C0941-A0AA-435D-9923-0C12E06F7C4F}.Release|Any CPU.Build.0 = Release|Any CPU
		{E63AAA88-B0C9-4A66-BF4C-85144113917E}.Debug|Any CPU.ActiveCfg = Debug|Any CPU
		{E63AAA88-B0C9-4A66-BF4C-85144113917E}.Debug|Any CPU.Build.0 = Debug|Any CPU
		{E63AAA88-B0C9-4A66-BF4C-85144113917E}.Release|Any CPU.ActiveCfg = Release|Any CPU
		{E63AAA88-B0C9-4A66-BF4C-85144113917E}.Release|Any CPU.Build.0 = Release|Any CPU
		{EBAD9A78-3B24-46FB-92E3-D1BBCEFE00BD}.Debug|Any CPU.ActiveCfg = Debug|Any CPU
		{EBAD9A78-3B24-46FB-92E3-D1BBCEFE00BD}.Debug|Any CPU.Build.0 = Debug|Any CPU
		{EBAD9A78-3B24-46FB-92E3-D1BBCEFE00BD}.Release|Any CPU.ActiveCfg = Release|Any CPU
		{EBAD9A78-3B24-46FB-92E3-D1BBCEFE00BD}.Release|Any CPU.Build.0 = Release|Any CPU
		{1009EC71-56AD-404E-9716-836DA334895F}.Debug|Any CPU.ActiveCfg = Debug|Any CPU
		{1009EC71-56AD-404E-9716-836DA334895F}.Debug|Any CPU.Build.0 = Debug|Any CPU
		{1009EC71-56AD-404E-9716-836DA334895F}.Release|Any CPU.ActiveCfg = Release|Any CPU
		{1009EC71-56AD-404E-9716-836DA334895F}.Release|Any CPU.Build.0 = Release|Any CPU
		{6B8F5777-2F21-4BE4-A2C7-E3C464A06AEA}.Debug|Any CPU.ActiveCfg = Debug|Any CPU
		{6B8F5777-2F21-4BE4-A2C7-E3C464A06AEA}.Debug|Any CPU.Build.0 = Debug|Any CPU
		{6B8F5777-2F21-4BE4-A2C7-E3C464A06AEA}.Release|Any CPU.ActiveCfg = Release|Any CPU
		{6B8F5777-2F21-4BE4-A2C7-E3C464A06AEA}.Release|Any CPU.Build.0 = Release|Any CPU
	EndGlobalSection
	GlobalSection(SolutionProperties) = preSolution
		HideSolutionNode = FALSE
	EndGlobalSection
	GlobalSection(NestedProjects) = preSolution
		{F605BFEF-B305-4510-874D-ED7BDBA700EB} = {7CA9E3F6-FABE-46EE-A029-F159409718A5}
		{F05C0941-A0AA-435D-9923-0C12E06F7C4F} = {9DADCEA6-E49B-47B6-AFC2-B041275613ED}
		{E63AAA88-B0C9-4A66-BF4C-85144113917E} = {750DD2FE-E801-40B6-9672-483804ED141E}
		{EBAD9A78-3B24-46FB-92E3-D1BBCEFE00BD} = {750DD2FE-E801-40B6-9672-483804ED141E}
		{1009EC71-56AD-404E-9716-836DA334895F} = {750DD2FE-E801-40B6-9672-483804ED141E}
		{750DD2FE-E801-40B6-9672-483804ED141E} = {0A711A02-0867-4338-8784-521B695602F6}
		{9DADCEA6-E49B-47B6-AFC2-B041275613ED} = {0A711A02-0867-4338-8784-521B695602F6}
		{6B8F5777-2F21-4BE4-A2C7-E3C464A06AEA} = {9DADCEA6-E49B-47B6-AFC2-B041275613ED}
	EndGlobalSection
	GlobalSection(ExtensibilityGlobals) = postSolution
		SolutionGuid = {45425390-48F3-4D59-8817-B58B025B349D}
	EndGlobalSection
EndGlobal
